{
  "pins" : [
    {
      "identity" : "alamofire",
      "kind" : "remoteSourceControl",
      "location" : "https://github.com/Alamofire/Alamofire.git",
      "state" : {
        "branch" : "master",
        "revision" : "f1f7a06f40c6aadb4beb2a78f380f9938d574fa7"
      }
    },
    {
      "identity" : "base58swift",
      "kind" : "remoteSourceControl",
      "location" : "https://github.com/SunZhiC/Base58Swift.git",
      "state" : {
        "branch" : "main",
        "revision" : "cf07b968ddce180f6c4314d6ffa0073f0e60d7f8"
      }
    },
    {
      "identity" : "bigint",
      "kind" : "remoteSourceControl",
      "location" : "https://github.com/attaswift/BigInt.git",
      "state" : {
        "revision" : "0ed110f7555c34ff468e72e1686e59721f2b0da6",
        "version" : "5.3.0"
      }
    },
    {
      "identity" : "bip39",
      "kind" : "remoteSourceControl",
      "location" : "https://github.com/pengpengliu/BIP39.git",
      "state" : {
        "branch" : "master",
        "revision" : "e79bd90275e50643cf8f97208ffa536d0def3ec7"
      }
    },
    {
      "identity" : "cryptoswift",
      "kind" : "remoteSourceControl",
      "location" : "https://github.com/krzyzanowskim/CryptoSwift.git",
      "state" : {
        "revision" : "19b3c3ceed117c5cc883517c4e658548315ba70b",
        "version" : "1.6.0"
      }
    },
    {
      "identity" : "swift-crypto",
      "kind" : "remoteSourceControl",
      "location" : "https://github.com/apple/swift-crypto.git",
      "state" : {
        "revision" : "75ec60b8b4cc0f085c3ac414f3dca5625fa3588e",
        "version" : "2.2.4"
      }
    }
  ],
  "version" : 2
}
